
Microsoft Visual Studio Solution File, Format Version 12.00
# Visual Studio Version 17
VisualStudioVersion = 17.9.34728.123
MinimumVisualStudioVersion = 10.0.40219.1
Project("{FAE04EC0-301F-11D3-BF4B-00C04F79EFBC}") = "01_CalculadoraDeImpostos", "01_CalculadoraDeImpostos\01_CalculadoraDeImpostos.csproj", "{7E146CDC-F3CC-4F27-A275-A8A7026C8561}"
EndProject
Project("{FAE04EC0-301F-11D3-BF4B-00C04F79EFBC}") = "02_CalculaImposto", "02_CalculaImposto\02_CalculaImposto.csproj", "{136D16DA-E840-4E98-8ABA-5A3636CD48BD}"
EndProject
Project("{FAE04EC0-301F-11D3-BF4B-00C04F79EFBC}") = "03_MethodImposto", "03_MethodImposto\03_MethodImposto.csproj", "{3E4203B3-468D-4E25-BE12-CDBCAC6DE22C}"
EndProject
Project("{FAE04EC0-301F-11D3-BF4B-00C04F79EFBC}") = "04_ComportamentoComposto", "04_ComportamentoComposto\04_ComportamentoComposto.csproj", "{B8CE26EB-9E6A-4E39-8D77-8F8C890F3BD4}"
EndProject
Project("{FAE04EC0-301F-11D3-BF4B-00C04F79EFBC}") = "05_State", "05_State\05_State.csproj", "{0AD8095F-298F-4C27-A7D6-55116FDCE861}"
EndProject
Project("{FAE04EC0-301F-11D3-BF4B-00C04F79EFBC}") = "06_ObjetosEBuilder", "06_ObjetosEBuilder\06_ObjetosEBuilder.csproj", "{287F40E1-6A32-4084-9D0B-500760366063}"
EndProject
Project("{FAE04EC0-301F-11D3-BF4B-00C04F79EFBC}") = "07_Actions", "07_Actions\07_Actions.csproj", "{3D9E7F6F-F4F9-4868-8D64-D6EA69E78411}"
EndProject
Global
	GlobalSection(SolutionConfigurationPlatforms) = preSolution
		Debug|Any CPU = Debug|Any CPU
		Release|Any CPU = Release|Any CPU
	EndGlobalSection
	GlobalSection(ProjectConfigurationPlatforms) = postSolution
		{7E146CDC-F3CC-4F27-A275-A8A7026C8561}.Debug|Any CPU.ActiveCfg = Debug|Any CPU
		{7E146CDC-F3CC-4F27-A275-A8A7026C8561}.Debug|Any CPU.Build.0 = Debug|Any CPU
		{7E146CDC-F3CC-4F27-A275-A8A7026C8561}.Release|Any CPU.ActiveCfg = Release|Any CPU
		{7E146CDC-F3CC-4F27-A275-A8A7026C8561}.Release|Any CPU.Build.0 = Release|Any CPU
		{136D16DA-E840-4E98-8ABA-5A3636CD48BD}.Debug|Any CPU.ActiveCfg = Debug|Any CPU
		{136D16DA-E840-4E98-8ABA-5A3636CD48BD}.Debug|Any CPU.Build.0 = Debug|Any CPU
		{136D16DA-E840-4E98-8ABA-5A3636CD48BD}.Release|Any CPU.ActiveCfg = Release|Any CPU
		{136D16DA-E840-4E98-8ABA-5A3636CD48BD}.Release|Any CPU.Build.0 = Release|Any CPU
		{3E4203B3-468D-4E25-BE12-CDBCAC6DE22C}.Debug|Any CPU.ActiveCfg = Debug|Any CPU
		{3E4203B3-468D-4E25-BE12-CDBCAC6DE22C}.Debug|Any CPU.Build.0 = Debug|Any CPU
		{3E4203B3-468D-4E25-BE12-CDBCAC6DE22C}.Release|Any CPU.ActiveCfg = Release|Any CPU
		{3E4203B3-468D-4E25-BE12-CDBCAC6DE22C}.Release|Any CPU.Build.0 = Release|Any CPU
		{B8CE26EB-9E6A-4E39-8D77-8F8C890F3BD4}.Debug|Any CPU.ActiveCfg = Debug|Any CPU
		{B8CE26EB-9E6A-4E39-8D77-8F8C890F3BD4}.Debug|Any CPU.Build.0 = Debug|Any CPU
		{B8CE26EB-9E6A-4E39-8D77-8F8C890F3BD4}.Release|Any CPU.ActiveCfg = Release|Any CPU
		{B8CE26EB-9E6A-4E39-8D77-8F8C890F3BD4}.Release|Any CPU.Build.0 = Release|Any CPU
		{0AD8095F-298F-4C27-A7D6-55116FDCE861}.Debug|Any CPU.ActiveCfg = Debug|Any CPU
		{0AD8095F-298F-4C27-A7D6-55116FDCE861}.Debug|Any CPU.Build.0 = Debug|Any CPU
		{0AD8095F-298F-4C27-A7D6-55116FDCE861}.Release|Any CPU.ActiveCfg = Release|Any CPU
		{0AD8095F-298F-4C27-A7D6-55116FDCE861}.Release|Any CPU.Build.0 = Release|Any CPU
		{287F40E1-6A32-4084-9D0B-500760366063}.Debug|Any CPU.ActiveCfg = Debug|Any CPU
		{287F40E1-6A32-4084-9D0B-500760366063}.Debug|Any CPU.Build.0 = Debug|Any CPU
		{287F40E1-6A32-4084-9D0B-500760366063}.Release|Any CPU.ActiveCfg = Release|Any CPU
		{287F40E1-6A32-4084-9D0B-500760366063}.Release|Any CPU.Build.0 = Release|Any CPU
		{3D9E7F6F-F4F9-4868-8D64-D6EA69E78411}.Debug|Any CPU.ActiveCfg = Debug|Any CPU
		{3D9E7F6F-F4F9-4868-8D64-D6EA69E78411}.Debug|Any CPU.Build.0 = Debug|Any CPU
		{3D9E7F6F-F4F9-4868-8D64-D6EA69E78411}.Release|Any CPU.ActiveCfg = Release|Any CPU
		{3D9E7F6F-F4F9-4868-8D64-D6EA69E78411}.Release|Any CPU.Build.0 = Release|Any CPU
	EndGlobalSection
	GlobalSection(SolutionProperties) = preSolution
		HideSolutionNode = FALSE
	EndGlobalSection
	GlobalSection(ExtensibilityGlobals) = postSolution
		SolutionGuid = {3EDF4ADF-7CA7-417B-ACBD-F5A0FC032D5C}
	EndGlobalSection
EndGlobal
