
Microsoft Visual Studio Solution File, Format Version 12.00
# Visual Studio Version 17
VisualStudioVersion = 17.9.34728.123
MinimumVisualStudioVersion = 10.0.40219.1
Project("{FAE04EC0-301F-11D3-BF4B-00C04F79EFBC}") = "ByteBank.SistemaAgencia", "ByteBank.SistemaAgencia\ByteBank.SistemaAgencia.csproj", "{6AD3D2A9-535A-4B5D-9062-16C8B9A8316B}"
EndProject
Project("{FAE04EC0-301F-11D3-BF4B-00C04F79EFBC}") = "ByteBank.Modelos", "ByteBank.Modelos\ByteBank.Modelos.csproj", "{C2175F0D-7024-465E-947F-C0FB51887A9C}"
EndProject
Global
	GlobalSection(SolutionConfigurationPlatforms) = preSolution
		Debug|Any CPU = Debug|Any CPU
		Release|Any CPU = Release|Any CPU
	EndGlobalSection
	GlobalSection(ProjectConfigurationPlatforms) = postSolution
		{6AD3D2A9-535A-4B5D-9062-16C8B9A8316B}.Debug|Any CPU.ActiveCfg = Debug|Any CPU
		{6AD3D2A9-535A-4B5D-9062-16C8B9A8316B}.Debug|Any CPU.Build.0 = Debug|Any CPU
		{6AD3D2A9-535A-4B5D-9062-16C8B9A8316B}.Release|Any CPU.ActiveCfg = Release|Any CPU
		{6AD3D2A9-535A-4B5D-9062-16C8B9A8316B}.Release|Any CPU.Build.0 = Release|Any CPU
		{C2175F0D-7024-465E-947F-C0FB51887A9C}.Debug|Any CPU.ActiveCfg = Debug|Any CPU
		{C2175F0D-7024-465E-947F-C0FB51887A9C}.Debug|Any CPU.Build.0 = Debug|Any CPU
		{C2175F0D-7024-465E-947F-C0FB51887A9C}.Release|Any CPU.ActiveCfg = Release|Any CPU
		{C2175F0D-7024-465E-947F-C0FB51887A9C}.Release|Any CPU.Build.0 = Release|Any CPU
	EndGlobalSection
	GlobalSection(SolutionProperties) = preSolution
		HideSolutionNode = FALSE
	EndGlobalSection
	GlobalSection(ExtensibilityGlobals) = postSolution
		SolutionGuid = {5D864758-A8F0-4E0D-907A-ED246FD56ECB}
	EndGlobalSection
EndGlobal
