
Microsoft Visual Studio Solution File, Format Version 12.00
# Visual Studio Version 17
VisualStudioVersion = 17.9.34728.123
MinimumVisualStudioVersion = 10.0.40219.1
Project("{FAE04EC0-301F-11D3-BF4B-00C04F79EFBC}") = "SetModelo", "SetModelo\SetModelo.csproj", "{4D3A3ABC-DE08-4627-B42E-EFCFE1C1D752}"
EndProject
Global
	GlobalSection(SolutionConfigurationPlatforms) = preSolution
		Debug|Any CPU = Debug|Any CPU
		Release|Any CPU = Release|Any CPU
	EndGlobalSection
	GlobalSection(ProjectConfigurationPlatforms) = postSolution
		{4D3A3ABC-DE08-4627-B42E-EFCFE1C1D752}.Debug|Any CPU.ActiveCfg = Debug|Any CPU
		{4D3A3ABC-DE08-4627-B42E-EFCFE1C1D752}.Debug|Any CPU.Build.0 = Debug|Any CPU
		{4D3A3ABC-DE08-4627-B42E-EFCFE1C1D752}.Release|Any CPU.ActiveCfg = Release|Any CPU
		{4D3A3ABC-DE08-4627-B42E-EFCFE1C1D752}.Release|Any CPU.Build.0 = Release|Any CPU
	EndGlobalSection
	GlobalSection(SolutionProperties) = preSolution
		HideSolutionNode = FALSE
	EndGlobalSection
	GlobalSection(ExtensibilityGlobals) = postSolution
		SolutionGuid = {44997E23-5F1F-46A7-B8A7-35759D2369C0}
	EndGlobalSection
EndGlobal
