
Microsoft Visual Studio Solution File, Format Version 12.00
# Visual Studio Version 17
VisualStudioVersion = 17.9.34728.123
MinimumVisualStudioVersion = 10.0.40219.1
Project("{FAE04EC0-301F-11D3-BF4B-00C04F79EFBC}") = "Lista", "Lista\Lista.csproj", "{5036C15B-3BCF-4A76-829D-F04C47A38979}"
EndProject
Global
	GlobalSection(SolutionConfigurationPlatforms) = preSolution
		Debug|Any CPU = Debug|Any CPU
		Release|Any CPU = Release|Any CPU
	EndGlobalSection
	GlobalSection(ProjectConfigurationPlatforms) = postSolution
		{5036C15B-3BCF-4A76-829D-F04C47A38979}.Debug|Any CPU.ActiveCfg = Debug|Any CPU
		{5036C15B-3BCF-4A76-829D-F04C47A38979}.Debug|Any CPU.Build.0 = Debug|Any CPU
		{5036C15B-3BCF-4A76-829D-F04C47A38979}.Release|Any CPU.ActiveCfg = Release|Any CPU
		{5036C15B-3BCF-4A76-829D-F04C47A38979}.Release|Any CPU.Build.0 = Release|Any CPU
	EndGlobalSection
	GlobalSection(SolutionProperties) = preSolution
		HideSolutionNode = FALSE
	EndGlobalSection
	GlobalSection(ExtensibilityGlobals) = postSolution
		SolutionGuid = {F41EBDB4-2AC4-4A8E-9F92-91D9E77C4843}
	EndGlobalSection
EndGlobal
