
Microsoft Visual Studio Solution File, Format Version 12.00
# Visual Studio Version 17
VisualStudioVersion = 17.9.34728.123
MinimumVisualStudioVersion = 10.0.40219.1
Project("{FAE04EC0-301F-11D3-BF4B-00C04F79EFBC}") = "AtualizacoesC#6", "AtualizacoesC#6\AtualizacoesC#6.csproj", "{FE4CF0EF-734C-4AAC-82A8-A4B02BCF4A87}"
EndProject
Global
	GlobalSection(SolutionConfigurationPlatforms) = preSolution
		Debug|Any CPU = Debug|Any CPU
		Release|Any CPU = Release|Any CPU
	EndGlobalSection
	GlobalSection(ProjectConfigurationPlatforms) = postSolution
		{FE4CF0EF-734C-4AAC-82A8-A4B02BCF4A87}.Debug|Any CPU.ActiveCfg = Debug|Any CPU
		{FE4CF0EF-734C-4AAC-82A8-A4B02BCF4A87}.Debug|Any CPU.Build.0 = Debug|Any CPU
		{FE4CF0EF-734C-4AAC-82A8-A4B02BCF4A87}.Release|Any CPU.ActiveCfg = Release|Any CPU
		{FE4CF0EF-734C-4AAC-82A8-A4B02BCF4A87}.Release|Any CPU.Build.0 = Release|Any CPU
	EndGlobalSection
	GlobalSection(SolutionProperties) = preSolution
		HideSolutionNode = FALSE
	EndGlobalSection
	GlobalSection(ExtensibilityGlobals) = postSolution
		SolutionGuid = {0B40F81C-70BC-4AB3-B53D-A6572E71DC5A}
	EndGlobalSection
EndGlobal
