
Microsoft Visual Studio Solution File, Format Version 12.00
# Visual Studio Version 17
VisualStudioVersion = 17.9.34728.123
MinimumVisualStudioVersion = 10.0.40219.1
Project("{FAE04EC0-301F-11D3-BF4B-00C04F79EFBC}") = "ByteBank.SistemaAgencia", "ByteBank.SistemaAgencia\ByteBank.SistemaAgencia.csproj", "{AE498EC0-8106-47A5-AC26-5A0127A9602B}"
EndProject
Global
	GlobalSection(SolutionConfigurationPlatforms) = preSolution
		Debug|Any CPU = Debug|Any CPU
		Release|Any CPU = Release|Any CPU
	EndGlobalSection
	GlobalSection(ProjectConfigurationPlatforms) = postSolution
		{AE498EC0-8106-47A5-AC26-5A0127A9602B}.Debug|Any CPU.ActiveCfg = Debug|Any CPU
		{AE498EC0-8106-47A5-AC26-5A0127A9602B}.Debug|Any CPU.Build.0 = Debug|Any CPU
		{AE498EC0-8106-47A5-AC26-5A0127A9602B}.Release|Any CPU.ActiveCfg = Release|Any CPU
		{AE498EC0-8106-47A5-AC26-5A0127A9602B}.Release|Any CPU.Build.0 = Release|Any CPU
	EndGlobalSection
	GlobalSection(SolutionProperties) = preSolution
		HideSolutionNode = FALSE
	EndGlobalSection
	GlobalSection(ExtensibilityGlobals) = postSolution
		SolutionGuid = {491FAC3E-C3D8-4C4F-9D9C-99C05D2F0354}
	EndGlobalSection
EndGlobal
