
Microsoft Visual Studio Solution File, Format Version 12.00
# Visual Studio Version 17
VisualStudioVersion = 17.9.34728.123
MinimumVisualStudioVersion = 10.0.40219.1
Project("{FAE04EC0-301F-11D3-BF4B-00C04F79EFBC}") = "12-CalculaPoupanca2", "12-CalculaPoupanca2.csproj", "{AF767131-F737-4253-9110-EB839B3A97C6}"
EndProject
Global
	GlobalSection(SolutionConfigurationPlatforms) = preSolution
		Debug|Any CPU = Debug|Any CPU
		Release|Any CPU = Release|Any CPU
	EndGlobalSection
	GlobalSection(ProjectConfigurationPlatforms) = postSolution
		{AF767131-F737-4253-9110-EB839B3A97C6}.Debug|Any CPU.ActiveCfg = Debug|Any CPU
		{AF767131-F737-4253-9110-EB839B3A97C6}.Debug|Any CPU.Build.0 = Debug|Any CPU
		{AF767131-F737-4253-9110-EB839B3A97C6}.Release|Any CPU.ActiveCfg = Release|Any CPU
		{AF767131-F737-4253-9110-EB839B3A97C6}.Release|Any CPU.Build.0 = Release|Any CPU
	EndGlobalSection
	GlobalSection(SolutionProperties) = preSolution
		HideSolutionNode = FALSE
	EndGlobalSection
	GlobalSection(ExtensibilityGlobals) = postSolution
		SolutionGuid = {6DD7EE8F-E317-455A-B705-480D0C2F6BC8}
	EndGlobalSection
EndGlobal
