
Microsoft Visual Studio Solution File, Format Version 12.00
# Visual Studio Version 17
VisualStudioVersion = 17.9.34728.123
MinimumVisualStudioVersion = 10.0.40219.1
Project("{FAE04EC0-301F-11D3-BF4B-00C04F79EFBC}") = "ByteBank.SistemaAgencia", "ByteBank.SistemaAgencia\ByteBank.SistemaAgencia.csproj", "{BDC28FA4-FFA2-4C7A-AC5C-60E11BC59913}"
EndProject
Global
	GlobalSection(SolutionConfigurationPlatforms) = preSolution
		Debug|Any CPU = Debug|Any CPU
		Release|Any CPU = Release|Any CPU
	EndGlobalSection
	GlobalSection(ProjectConfigurationPlatforms) = postSolution
		{BDC28FA4-FFA2-4C7A-AC5C-60E11BC59913}.Debug|Any CPU.ActiveCfg = Debug|Any CPU
		{BDC28FA4-FFA2-4C7A-AC5C-60E11BC59913}.Debug|Any CPU.Build.0 = Debug|Any CPU
		{BDC28FA4-FFA2-4C7A-AC5C-60E11BC59913}.Release|Any CPU.ActiveCfg = Release|Any CPU
		{BDC28FA4-FFA2-4C7A-AC5C-60E11BC59913}.Release|Any CPU.Build.0 = Release|Any CPU
	EndGlobalSection
	GlobalSection(SolutionProperties) = preSolution
		HideSolutionNode = FALSE
	EndGlobalSection
	GlobalSection(ExtensibilityGlobals) = postSolution
		SolutionGuid = {061A52EB-DEC2-44CE-A6F3-85A8F654D584}
	EndGlobalSection
EndGlobal
