
Microsoft Visual Studio Solution File, Format Version 12.00
# Visual Studio Version 17
VisualStudioVersion = 17.9.34728.123
MinimumVisualStudioVersion = 10.0.40219.1
Project("{FAE04EC0-301F-11D3-BF4B-00C04F79EFBC}") = "FilmesAPI", "FilmesAPI\FilmesAPI.csproj", "{39A0013F-D9ED-43E0-9AAC-E9E242DCE516}"
EndProject
Global
	GlobalSection(SolutionConfigurationPlatforms) = preSolution
		Debug|Any CPU = Debug|Any CPU
		Release|Any CPU = Release|Any CPU
	EndGlobalSection
	GlobalSection(ProjectConfigurationPlatforms) = postSolution
		{39A0013F-D9ED-43E0-9AAC-E9E242DCE516}.Debug|Any CPU.ActiveCfg = Debug|Any CPU
		{39A0013F-D9ED-43E0-9AAC-E9E242DCE516}.Debug|Any CPU.Build.0 = Debug|Any CPU
		{39A0013F-D9ED-43E0-9AAC-E9E242DCE516}.Release|Any CPU.ActiveCfg = Release|Any CPU
		{39A0013F-D9ED-43E0-9AAC-E9E242DCE516}.Release|Any CPU.Build.0 = Release|Any CPU
	EndGlobalSection
	GlobalSection(SolutionProperties) = preSolution
		HideSolutionNode = FALSE
	EndGlobalSection
	GlobalSection(ExtensibilityGlobals) = postSolution
		SolutionGuid = {D6DFD29F-3107-4EB2-A477-1D5E87314B2C}
	EndGlobalSection
EndGlobal
